github.com/sam-caldwell/ansi v1.0.0 h1:eIcaSowSIDGy+sa8In6RWx/Mde99Lpt0EUxt7W1wcsg=
github.com/sam-caldwell/ansi v1.0.0/go.mod h1:6Ac8q82OJXXFNOxV2yz+D8G8TbaMxaBAgZq1Z2PLaaI=
github.com/sam-caldwell/exit v1.0.0 h1:zqVdK1Pdpww1RRTzwOAq1OMDwLLUUd94T2gqQF2kpHc=
github.com/sam-caldwell/exit v1.0.0/go.mod h1:gy6m0KCj1RZ+KafgZVahgAxdwVm9pud/6O+lZz0NpFw=
