github.com/sam-caldwell/ansi v1.0.2 h1:2jNRJg8I0r+HIqKMdWpqwfCftr/IuSNHyrDgQxZ23qA=
github.com/sam-caldwell/ansi v1.0.2/go.mod h1:R553t3P2UM/FpxUF0IRWQNsfa3F7L6RYkWoOdpco8Tg=
github.com/sam-caldwell/exit v1.0.3 h1:ibQc6nvE81OZdhxRVwC76451ybRG3f7xC0mrTnzhd80=
github.com/sam-caldwell/exit v1.0.3/go.mod h1:gy6m0KCj1RZ+KafgZVahgAxdwVm9pud/6O+lZz0NpFw=
